
Microsoft Visual Studio Solution File, Format Version 12.00
# Visual Studio 15
VisualStudioVersion = 15.0.28307.572
MinimumVisualStudioVersion = 10.0.40219.1
Project("{8BC9CEB8-8B4A-11D0-8D11-00A0C91BC942}") = "iniReader", "iniReader\iniReader.vcxproj", "{F48494B4-BB05-474B-94A6-D1DDD1A9C320}"
	ProjectSection(ProjectDependencies) = postProject
		{A494444E-9206-4899-8A7D-A883BC268049} = {A494444E-9206-4899-8A7D-A883BC268049}
		{DDB267D4-1074-4FE6-BF35-975F4D88166D} = {DDB267D4-1074-4FE6-BF35-975F4D88166D}
	EndProjectSection
EndProject
Project("{8BC9CEB8-8B4A-11D0-8D11-00A0C91BC942}") = "iIniFileReader", "iIniFileReader\iIniFileReader.vcxproj", "{A494444E-9206-4899-8A7D-A883BC268049}"
EndProject
Project("{8BC9CEB8-8B4A-11D0-8D11-00A0C91BC942}") = "iniFileReader", "iniFileReader\iniFileReader.vcxproj", "{DDB267D4-1074-4FE6-BF35-975F4D88166D}"
	ProjectSection(ProjectDependencies) = postProject
		{A494444E-9206-4899-8A7D-A883BC268049} = {A494444E-9206-4899-8A7D-A883BC268049}
	EndProjectSection
EndProject
Global
	GlobalSection(SolutionConfigurationPlatforms) = preSolution
		Debug|x64 = Debug|x64
		Debug|x86 = Debug|x86
		Release|x64 = Release|x64
		Release|x86 = Release|x86
	EndGlobalSection
	GlobalSection(ProjectConfigurationPlatforms) = postSolution
		{F48494B4-BB05-474B-94A6-D1DDD1A9C320}.Debug|x64.ActiveCfg = Debug|x64
		{F48494B4-BB05-474B-94A6-D1DDD1A9C320}.Debug|x64.Build.0 = Debug|x64
		{F48494B4-BB05-474B-94A6-D1DDD1A9C320}.Debug|x86.ActiveCfg = Debug|Win32
		{F48494B4-BB05-474B-94A6-D1DDD1A9C320}.Debug|x86.Build.0 = Debug|Win32
		{F48494B4-BB05-474B-94A6-D1DDD1A9C320}.Release|x64.ActiveCfg = Release|x64
		{F48494B4-BB05-474B-94A6-D1DDD1A9C320}.Release|x64.Build.0 = Release|x64
		{F48494B4-BB05-474B-94A6-D1DDD1A9C320}.Release|x86.ActiveCfg = Debug|Win32
		{F48494B4-BB05-474B-94A6-D1DDD1A9C320}.Release|x86.Build.0 = Debug|Win32
		{A494444E-9206-4899-8A7D-A883BC268049}.Debug|x64.ActiveCfg = Debug|x64
		{A494444E-9206-4899-8A7D-A883BC268049}.Debug|x64.Build.0 = Debug|x64
		{A494444E-9206-4899-8A7D-A883BC268049}.Debug|x86.ActiveCfg = Debug|Win32
		{A494444E-9206-4899-8A7D-A883BC268049}.Debug|x86.Build.0 = Debug|Win32
		{A494444E-9206-4899-8A7D-A883BC268049}.Release|x64.ActiveCfg = Release|x64
		{A494444E-9206-4899-8A7D-A883BC268049}.Release|x64.Build.0 = Release|x64
		{A494444E-9206-4899-8A7D-A883BC268049}.Release|x86.ActiveCfg = Debug|Win32
		{A494444E-9206-4899-8A7D-A883BC268049}.Release|x86.Build.0 = Debug|Win32
		{DDB267D4-1074-4FE6-BF35-975F4D88166D}.Debug|x64.ActiveCfg = Debug|x64
		{DDB267D4-1074-4FE6-BF35-975F4D88166D}.Debug|x64.Build.0 = Debug|x64
		{DDB267D4-1074-4FE6-BF35-975F4D88166D}.Debug|x86.ActiveCfg = Debug|Win32
		{DDB267D4-1074-4FE6-BF35-975F4D88166D}.Debug|x86.Build.0 = Debug|Win32
		{DDB267D4-1074-4FE6-BF35-975F4D88166D}.Release|x64.ActiveCfg = Release|x64
		{DDB267D4-1074-4FE6-BF35-975F4D88166D}.Release|x64.Build.0 = Release|x64
		{DDB267D4-1074-4FE6-BF35-975F4D88166D}.Release|x86.ActiveCfg = Debug|Win32
		{DDB267D4-1074-4FE6-BF35-975F4D88166D}.Release|x86.Build.0 = Debug|Win32
	EndGlobalSection
	GlobalSection(SolutionProperties) = preSolution
		HideSolutionNode = FALSE
	EndGlobalSection
	GlobalSection(ExtensibilityGlobals) = postSolution
		SolutionGuid = {992D83EB-A812-4BC7-8087-908E27D4E940}
	EndGlobalSection
EndGlobal
